// !$*UTF8*$!
{
	archiveVersion = 1;
	classes = {
	};
	objectVersion = 50;
	objects = {

/* Begin PBXBuildFile section */
		8E1F607225886A7B002CC9D9 /* AppDelegate.swift in Sources */ = {isa = PBXBuildFile; fileRef = 8E1F607125886A7B002CC9D9 /* AppDelegate.swift */; };
		8E1F607425886A7B002CC9D9 /* SceneDelegate.swift in Sources */ = {isa = PBXBuildFile; fileRef = 8E1F607325886A7B002CC9D9 /* SceneDelegate.swift */; };
		8E1F607625886A7B002CC9D9 /* ViewController.swift in Sources */ = {isa = PBXBuildFile; fileRef = 8E1F607525886A7B002CC9D9 /* ViewController.swift */; };
		8E1F607925886A7B002CC9D9 /* Main.storyboard in Resources */ = {isa = PBXBuildFile; fileRef = 8E1F607725886A7B002CC9D9 /* Main.storyboard */; };
		8E1F607B25886A7C002CC9D9 /* Assets.xcassets in Resources */ = {isa = PBXBuildFile; fileRef = 8E1F607A25886A7C002CC9D9 /* Assets.xcassets */; };
		8E1F607E25886A7C002CC9D9 /* LaunchScreen.storyboard in Resources */ = {isa = PBXBuildFile; fileRef = 8E1F607C25886A7C002CC9D9 /* LaunchScreen.storyboard */; };
		8E1F608625886AEA002CC9D9 /* SettingViewController.swift in Sources */ = {isa = PBXBuildFile; fileRef = 8E1F608525886AEA002CC9D9 /* SettingViewController.swift */; };
/* End PBXBuildFile section */

/* Begin PBXFileReference section */
		8E1F606E25886A7B002CC9D9 /* Setting_screen.app */ = {isa = PBXFileReference; explicitFileType = wrapper.application; includeInIndex = 0; path = Setting_screen.app; sourceTree = BUILT_PRODUCTS_DIR; };
		8E1F607125886A7B002CC9D9 /* AppDelegate.swift */ = {isa = PBXFileReference; lastKnownFileType = sourcecode.swift; path = AppDelegate.swift; sourceTree = "<group>"; };
		8E1F607325886A7B002CC9D9 /* SceneDelegate.swift */ = {isa = PBXFileReference; lastKnownFileType = sourcecode.swift; path = SceneDelegate.swift; sourceTree = "<group>"; };
		8E1F607525886A7B002CC9D9 /* ViewController.swift */ = {isa = PBXFileReference; lastKnownFileType = sourcecode.swift; path = ViewController.swift; sourceTree = "<group>"; };
		8E1F607825886A7B002CC9D9 /* Base */ = {isa = PBXFileReference; lastKnownFileType = file.storyboard; name = Base; path = Base.lproj/Main.storyboard; sourceTree = "<group>"; };
		8E1F607A25886A7C002CC9D9 /* Assets.xcassets */ = {isa = PBXFileReference; lastKnownFileType = folder.assetcatalog; path = Assets.xcassets; sourceTree = "<group>"; };
		8E1F607D25886A7C002CC9D9 /* Base */ = {isa = PBXFileReference; lastKnownFileType = file.storyboard; name = Base; path = Base.lproj/LaunchScreen.storyboard; sourceTree = "<group>"; };
		8E1F607F25886A7C002CC9D9 /* Info.plist */ = {isa = PBXFileReference; lastKnownFileType = text.plist.xml; path = Info.plist; sourceTree = "<group>"; };
		8E1F608525886AEA002CC9D9 /* SettingViewController.swift */ = {isa = PBXFileReference; lastKnownFileType = sourcecode.swift; path = SettingViewController.swift; sourceTree = "<group>"; };
/* End PBXFileReference section */

/* Begin PBXFrameworksBuildPhase section */
		8E1F606B25886A7B002CC9D9 /* Frameworks */ = {
			isa = PBXFrameworksBuildPhase;
			buildActionMask = 2147483647;
			files = (
			);
			runOnlyForDeploymentPostprocessing = 0;
		};
/* End PBXFrameworksBuildPhase section */

/* Begin PBXGroup section */
		8E1F606525886A7B002CC9D9 = {
			isa = PBXGroup;
			children = (
				8E1F607025886A7B002CC9D9 /* Setting_screen */,
				8E1F606F25886A7B002CC9D9 /* Products */,
			);
			sourceTree = "<group>";
		};
		8E1F606F25886A7B002CC9D9 /* Products */ = {
			isa = PBXGroup;
			children = (
				8E1F606E25886A7B002CC9D9 /* Setting_screen.app */,
			);
			name = Products;
			sourceTree = "<group>";
		};
		8E1F607025886A7B002CC9D9 /* Setting_screen */ = {
			isa = PBXGroup;
			children = (
				8E1F607125886A7B002CC9D9 /* AppDelegate.swift */,
				8E1F607325886A7B002CC9D9 /* SceneDelegate.swift */,
				8E1F607525886A7B002CC9D9 /* ViewController.swift */,
				8E1F607725886A7B002CC9D9 /* Main.storyboard */,
				8E1F607A25886A7C002CC9D9 /* Assets.xcassets */,
				8E1F607C25886A7C002CC9D9 /* LaunchScreen.storyboard */,
				8E1F607F25886A7C002CC9D9 /* Info.plist */,
				8E1F608525886AEA002CC9D9 /* SettingViewController.swift */,
			);
			path = Setting_screen;
			sourceTree = "<group>";
		};
/* End PBXGroup section */

/* Begin PBXNativeTarget section */
		8E1F606D25886A7B002CC9D9 /* Setting_screen */ = {
			isa = PBXNativeTarget;
			buildConfigurationList = 8E1F608225886A7C002CC9D9 /* Build configuration list for PBXNativeTarget "Setting_screen" */;
			buildPhases = (
				8E1F606A25886A7B002CC9D9 /* Sources */,
				8E1F606B25886A7B002CC9D9 /* Frameworks */,
				8E1F606C25886A7B002CC9D9 /* Resources */,
			);
			buildRules = (
			);
			dependencies = (
			);
			name = Setting_screen;
			productName = Setting_screen;
			productReference = 8E1F606E25886A7B002CC9D9 /* Setting_screen.app */;
			productType = "com.apple.product-type.application";
		};
/* End PBXNativeTarget section */

/* Begin PBXProject section */
		8E1F606625886A7B002CC9D9 /* Project object */ = {
			isa = PBXProject;
			attributes = {
				LastSwiftUpdateCheck = 1160;
				LastUpgradeCheck = 1160;
				ORGANIZATIONNAME = truongnn;
				TargetAttributes = {
					8E1F606D25886A7B002CC9D9 = {
						CreatedOnToolsVersion = 11.6;
					};
				};
			};
			buildConfigurationList = 8E1F606925886A7B002CC9D9 /* Build configuration list for PBXProject "Setting_screen" */;
			compatibilityVersion = "Xcode 9.3";
			developmentRegion = en;
			hasScannedForEncodings = 0;
			knownRegions = (
				en,
				Base,
			);
			mainGroup = 8E1F606525886A7B002CC9D9;
			productRefGroup = 8E1F606F25886A7B002CC9D9 /* Products */;
			projectDirPath = "";
			projectRoot = "";
			targets = (
				8E1F606D25886A7B002CC9D9 /* Setting_screen */,
			);
		};
/* End PBXProject section */

/* Begin PBXResourcesBuildPhase section */
		8E1F606C25886A7B002CC9D9 /* Resources */ = {
			isa = PBXResourcesBuildPhase;
			buildActionMask = 2147483647;
			files = (
				8E1F607E25886A7C002CC9D9 /* LaunchScreen.storyboard in Resources */,
				8E1F607B25886A7C002CC9D9 /* Assets.xcassets in Resources */,
				8E1F607925886A7B002CC9D9 /* Main.storyboard in Resources */,
			);
			runOnlyForDeploymentPostprocessing = 0;
		};
/* End PBXResourcesBuildPhase section */

/* Begin PBXSourcesBuildPhase section */
		8E1F606A25886A7B002CC9D9 /* Sources */ = {
			isa = PBXSourcesBuildPhase;
			buildActionMask = 2147483647;
			files = (
				8E1F607625886A7B002CC9D9 /* ViewController.swift in Sources */,
				8E1F607225886A7B002CC9D9 /* AppDelegate.swift in Sources */,
				8E1F607425886A7B002CC9D9 /* SceneDelegate.swift in Sources */,
				8E1F608625886AEA002CC9D9 /* SettingViewController.swift in Sources */,
			);
			runOnlyForDeploymentPostprocessing = 0;
		};
/* End PBXSourcesBuildPhase section */

/* Begin PBXVariantGroup section */
		8E1F607725886A7B002CC9D9 /* Main.storyboard */ = {
			isa = PBXVariantGroup;
			children = (
				8E1F607825886A7B002CC9D9 /* Base */,
			);
			name = Main.storyboard;
			sourceTree = "<group>";
		};
		8E1F607C25886A7C002CC9D9 /* LaunchScreen.storyboard */ = {
			isa = PBXVariantGroup;
			children = (
				8E1F607D25886A7C002CC9D9 /* Base */,
			);
			name = LaunchScreen.storyboard;
			sourceTree = "<group>";
		};
/* End PBXVariantGroup section */

/* Begin XCBuildConfiguration section */
		8E1F608025886A7C002CC9D9 /* Debug */ = {
			isa = XCBuildConfiguration;
			buildSettings = {
				ALWAYS_SEARCH_USER_PATHS = NO;
				CLANG_ANALYZER_NONNULL = YES;
				CLANG_ANALYZER_NUMBER_OBJECT_CONVERSION = YES_AGGRESSIVE;
				CLANG_CXX_LANGUAGE_STANDARD = "gnu++14";
				CLANG_CXX_LIBRARY = "libc++";
				CLANG_ENABLE_MODULES = YES;
				CLANG_ENABLE_OBJC_ARC = YES;
				CLANG_ENABLE_OBJC_WEAK = YES;
				CLANG_WARN_BLOCK_CAPTURE_AUTORELEASING = YES;
				CLANG_WARN_BOOL_CONVERSION = YES;
				CLANG_WARN_COMMA = YES;
				CLANG_WARN_CONSTANT_CONVERSION = YES;
				CLANG_WARN_DEPRECATED_OBJC_IMPLEMENTATIONS = YES;
				CLANG_WARN_DIRECT_OBJC_ISA_USAGE = YES_ERROR;
				CLANG_WARN_DOCUMENTATION_COMMENTS = YES;
				CLANG_WARN_EMPTY_BODY = YES;
				CLANG_WARN_ENUM_CONVERSION = YES;
				CLANG_WARN_INFINITE_RECURSION = YES;
				CLANG_WARN_INT_CONVERSION = YES;
				CLANG_WARN_NON_LITERAL_NULL_CONVERSION = YES;
				CLANG_WARN_OBJC_IMPLICIT_RETAIN_SELF = YES;
				CLANG_WARN_OBJC_LITERAL_CONVERSION = YES;
				CLANG_WARN_OBJC_ROOT_CLASS = YES_ERROR;
				CLANG_WARN_RANGE_LOOP_ANALYSIS = YES;
				CLANG_WARN_STRICT_PROTOTYPES = YES;
				CLANG_WARN_SUSPICIOUS_MOVE = YES;
				CLANG_WARN_UNGUARDED_AVAILABILITY = YES_AGGRESSIVE;
				CLANG_WARN_UNREACHABLE_CODE = YES;
				CLANG_WARN__DUPLICATE_METHOD_MATCH = YES;
				COPY_PHASE_STRIP = NO;
				DEBUG_INFORMATION_FORMAT = dwarf;
				ENABLE_STRICT_OBJC_MSGSEND = YES;
				ENABLE_TESTABILITY = YES;
				GCC_C_LANGUAGE_STANDARD = gnu11;
				GCC_DYNAMIC_NO_PIC = NO;
				GCC_NO_COMMON_BLOCKS = YES;
				GCC_OPTIMIZATION_LEVEL = 0;
				GCC_PREPROCESSOR_DEFINITIONS = (
					"DEBUG=1",
					"$(inherited)",
				);
				GCC_WARN_64_TO_32_BIT_CONVERSION = YES;
				GCC_WARN_ABOUT_RETURN_TYPE = YES_ERROR;
				GCC_WARN_UNDECLARED_SELECTOR = YES;
				GCC_WARN_UNINITIALIZED_AUTOS = YES_AGGRESSIVE;
				GCC_WARN_UNUSED_FUNCTION = YES;
				GCC_WARN_UNUSED_VARIABLE = YES;
				IPHONEOS_DEPLOYMENT_TARGET = 13.6;
				MTL_ENABLE_DEBUG_INFO = INCLUDE_SOURCE;
				MTL_FAST_MATH = YES;
				ONLY_ACTIVE_ARCH = YES;
				SDKROOT = iphoneos;
				SWIFT_ACTIVE_COMPILATION_CONDITIONS = DEBUG;
				SWIFT_OPTIMIZATION_LEVEL = "-Onone";
			};
			name = Debug;
		};
		8E1F608125886A7C002CC9D9 /* Release */ = {
			isa = XCBuildConfiguration;
			buildSettings = {
				ALWAYS_SEARCH_USER_PATHS = NO;
				CLANG_ANALYZER_NONNULL = YES;
				CLANG_ANALYZER_NUMBER_OBJECT_CONVERSION = YES_AGGRESSIVE;
				CLANG_CXX_LANGUAGE_STANDARD = "gnu++14";
				CLANG_CXX_LIBRARY = "libc++";
				CLANG_ENABLE_MODULES = YES;
				CLANG_ENABLE_OBJC_ARC = YES;
				CLANG_ENABLE_OBJC_WEAK = YES;
				CLANG_WARN_BLOCK_CAPTURE_AUTORELEASING = YES;
				CLANG_WARN_BOOL_CONVERSION = YES;
				CLANG_WARN_COMMA = YES;
				CLANG_WARN_CONSTANT_CONVERSION = YES;
				CLANG_WARN_DEPRECATED_OBJC_IMPLEMENTATIONS = YES;
				CLANG_WARN_DIRECT_OBJC_ISA_USAGE = YES_ERROR;
				CLANG_WARN_DOCUMENTATION_COMMENTS = YES;
				CLANG_WARN_EMPTY_BODY = YES;
				CLANG_WARN_ENUM_CONVERSION = YES;
				CLANG_WARN_INFINITE_RECURSION = YES;
				CLANG_WARN_INT_CONVERSION = YES;
				CLANG_WARN_NON_LITERAL_NULL_CONVERSION = YES;
				CLANG_WARN_OBJC_IMPLICIT_RETAIN_SELF = YES;
				CLANG_WARN_OBJC_LITERAL_CONVERSION = YES;
				CLANG_WARN_OBJC_ROOT_CLASS = YES_ERROR;
				CLANG_WARN_RANGE_LOOP_ANALYSIS = YES;
				CLANG_WARN_STRICT_PROTOTYPES = YES;
				CLANG_WARN_SUSPICIOUS_MOVE = YES;
				CLANG_WARN_UNGUARDED_AVAILABILITY = YES_AGGRESSIVE;
				CLANG_WARN_UNREACHABLE_CODE = YES;
				CLANG_WARN__DUPLICATE_METHOD_MATCH = YES;
				COPY_PHASE_STRIP = NO;
				DEBUG_INFORMATION_FORMAT = "dwarf-with-dsym";
				ENABLE_NS_ASSERTIONS = NO;
				ENABLE_STRICT_OBJC_MSGSEND = YES;
				GCC_C_LANGUAGE_STANDARD = gnu11;
				GCC_NO_COMMON_BLOCKS = YES;
				GCC_WARN_64_TO_32_BIT_CONVERSION = YES;
				GCC_WARN_ABOUT_RETURN_TYPE = YES_ERROR;
				GCC_WARN_UNDECLARED_SELECTOR = YES;
				GCC_WARN_UNINITIALIZED_AUTOS = YES_AGGRESSIVE;
				GCC_WARN_UNUSED_FUNCTION = YES;
				GCC_WARN_UNUSED_VARIABLE = YES;
				IPHONEOS_DEPLOYMENT_TARGET = 13.6;
				MTL_ENABLE_DEBUG_INFO = NO;
				MTL_FAST_MATH = YES;
				SDKROOT = iphoneos;
				SWIFT_COMPILATION_MODE = wholemodule;
				SWIFT_OPTIMIZATION_LEVEL = "-O";
				VALIDATE_PRODUCT = YES;
			};
			name = Release;
		};
		8E1F608325886A7C002CC9D9 /* Debug */ = {
			isa = XCBuildConfiguration;
			buildSettings = {
				ASSETCATALOG_COMPILER_APPICON_NAME = AppIcon;
				CODE_SIGN_STYLE = Automatic;
				INFOPLIST_FILE = Setting_screen/Info.plist;
				IPHONEOS_DEPLOYMENT_TARGET = 12.0;
				LD_RUNPATH_SEARCH_PATHS = (
					"$(inherited)",
					"@executable_path/Frameworks",
				);
				PRODUCT_BUNDLE_IDENTIFIER = "truongnn.Setting-screen";
				PRODUCT_NAME = "$(TARGET_NAME)";
				SWIFT_VERSION = 5.0;
				TARGETED_DEVICE_FAMILY = "1,2";
			};
			name = Debug;
		};
		8E1F608425886A7C002CC9D9 /* Release */ = {
			isa = XCBuildConfiguration;
			buildSettings = {
				ASSETCATALOG_COMPILER_APPICON_NAME = AppIcon;
				CODE_SIGN_STYLE = Automatic;
				INFOPLIST_FILE = Setting_screen/Info.plist;
				IPHONEOS_DEPLOYMENT_TARGET = 12.0;
				LD_RUNPATH_SEARCH_PATHS = (
					"$(inherited)",
					"@executable_path/Frameworks",
				);
				PRODUCT_BUNDLE_IDENTIFIER = "truongnn.Setting-screen";
				PRODUCT_NAME = "$(TARGET_NAME)";
				SWIFT_VERSION = 5.0;
				TARGETED_DEVICE_FAMILY = "1,2";
			};
			name = Release;
		};
/* End XCBuildConfiguration section */

/* Begin XCConfigurationList section */
		8E1F606925886A7B002CC9D9 /* Build configuration list for PBXProject "Setting_screen" */ = {
			isa = XCConfigurationList;
			buildConfigurations = (
				8E1F608025886A7C002CC9D9 /* Debug */,
				8E1F608125886A7C002CC9D9 /* Release */,
			);
			defaultConfigurationIsVisible = 0;
			defaultConfigurationName = Release;
		};
		8E1F608225886A7C002CC9D9 /* Build configuration list for PBXNativeTarget "Setting_screen" */ = {
			isa = XCConfigurationList;
			buildConfigurations = (
				8E1F608325886A7C002CC9D9 /* Debug */,
				8E1F608425886A7C002CC9D9 /* Release */,
			);
			defaultConfigurationIsVisible = 0;
			defaultConfigurationName = Release;
		};
/* End XCConfigurationList section */
	};
	rootObject = 8E1F606625886A7B002CC9D9 /* Project object */;
}
